
Microsoft Visual Studio Solution File, Format Version 12.00
# Visual Studio Version 16
VisualStudioVersion = 16.0.29806.167
MinimumVisualStudioVersion = 10.0.40219.1
Project("{9A19103F-16F7-4668-BE54-9A1E7A4F7556}") = "test", "test.csproj", "{D92F0819-7BBC-4D26-8595-8851DE176F94}"
EndProject
Global
	GlobalSection(SolutionConfigurationPlatforms) = preSolution
		Debug|Any CPU = Debug|Any CPU
		Release|Any CPU = Release|Any CPU
	EndGlobalSection
	GlobalSection(ProjectConfigurationPlatforms) = postSolution
		{D92F0819-7BBC-4D26-8595-8851DE176F94}.Debug|Any CPU.ActiveCfg = Debug|Any CPU
		{D92F0819-7BBC-4D26-8595-8851DE176F94}.Debug|Any CPU.Build.0 = Debug|Any CPU
		{D92F0819-7BBC-4D26-8595-8851DE176F94}.Release|Any CPU.ActiveCfg = Release|Any CPU
		{D92F0819-7BBC-4D26-8595-8851DE176F94}.Release|Any CPU.Build.0 = Release|Any CPU
	EndGlobalSection
	GlobalSection(SolutionProperties) = preSolution
		HideSolutionNode = FALSE
	EndGlobalSection
	GlobalSection(ExtensibilityGlobals) = postSolution
		SolutionGuid = {6FA4F7FF-BB9A-48E7-A4C5-78408BAD2CF2}
	EndGlobalSection
EndGlobal
